
Microsoft Visual Studio Solution File, Format Version 12.00
# Visual Studio Version 17
VisualStudioVersion = 17.8.34330.188
MinimumVisualStudioVersion = 10.0.40219.1
Project("{FAE04EC0-301F-11D3-BF4B-00C04F79EFBC}") = "ChatHubApi", "ChatHubApi.csproj", "{7818B2F3-1811-4CA1-819D-4771FEA49214}"
EndProject
Global
	GlobalSection(SolutionConfigurationPlatforms) = preSolution
		Debug|Any CPU = Debug|Any CPU
		Release|Any CPU = Release|Any CPU
	EndGlobalSection
	GlobalSection(ProjectConfigurationPlatforms) = postSolution
		{7818B2F3-1811-4CA1-819D-4771FEA49214}.Debug|Any CPU.ActiveCfg = Debug|Any CPU
		{7818B2F3-1811-4CA1-819D-4771FEA49214}.Debug|Any CPU.Build.0 = Debug|Any CPU
		{7818B2F3-1811-4CA1-819D-4771FEA49214}.Release|Any CPU.ActiveCfg = Release|Any CPU
		{7818B2F3-1811-4CA1-819D-4771FEA49214}.Release|Any CPU.Build.0 = Release|Any CPU
	EndGlobalSection
	GlobalSection(SolutionProperties) = preSolution
		HideSolutionNode = FALSE
	EndGlobalSection
	GlobalSection(ExtensibilityGlobals) = postSolution
		SolutionGuid = {53985BC5-9CBC-4994-9267-ABE6B9D6389D}
	EndGlobalSection
EndGlobal
